
Microsoft Visual Studio Solution File, Format Version 12.00
# Visual Studio Version 16
VisualStudioVersion = 16.0.29411.108
MinimumVisualStudioVersion = 10.0.40219.1
Project("{8BC9CEB8-8B4A-11D0-8D11-00A0C91BC942}") = "gwWidgets", "gwWidgets\gwWidgets.vcxproj", "{1AFCEE03-3EFE-4290-8650-60E8EC4D73B4}"
	ProjectSection(ProjectDependencies) = postProject
		{E36F4911-0403-4D52-A44D-D2CF500DCD62} = {E36F4911-0403-4D52-A44D-D2CF500DCD62}
	EndProjectSection
EndProject
Project("{8BC9CEB8-8B4A-11D0-8D11-00A0C91BC942}") = "gwTest", "gwTest\gwTest.vcxproj", "{C3338423-EE86-40B1-9647-8ECF74148556}"
EndProject
Project("{8BC9CEB8-8B4A-11D0-8D11-00A0C91BC942}") = "gwCore", "gwCore\gwCore.vcxproj", "{E36F4911-0403-4D52-A44D-D2CF500DCD62}"
EndProject
Global
	GlobalSection(SolutionConfigurationPlatforms) = preSolution
		Debug|x64 = Debug|x64
		Debug|x86 = Debug|x86
		Release|x64 = Release|x64
		Release|x86 = Release|x86
	EndGlobalSection
	GlobalSection(ProjectConfigurationPlatforms) = postSolution
		{1AFCEE03-3EFE-4290-8650-60E8EC4D73B4}.Debug|x64.ActiveCfg = Debug|x64
		{1AFCEE03-3EFE-4290-8650-60E8EC4D73B4}.Debug|x64.Build.0 = Debug|x64
		{1AFCEE03-3EFE-4290-8650-60E8EC4D73B4}.Debug|x86.ActiveCfg = Debug|Win32
		{1AFCEE03-3EFE-4290-8650-60E8EC4D73B4}.Debug|x86.Build.0 = Debug|Win32
		{1AFCEE03-3EFE-4290-8650-60E8EC4D73B4}.Release|x64.ActiveCfg = Release|x64
		{1AFCEE03-3EFE-4290-8650-60E8EC4D73B4}.Release|x64.Build.0 = Release|x64
		{1AFCEE03-3EFE-4290-8650-60E8EC4D73B4}.Release|x86.ActiveCfg = Release|Win32
		{1AFCEE03-3EFE-4290-8650-60E8EC4D73B4}.Release|x86.Build.0 = Release|Win32
		{C3338423-EE86-40B1-9647-8ECF74148556}.Debug|x64.ActiveCfg = Debug|x64
		{C3338423-EE86-40B1-9647-8ECF74148556}.Debug|x64.Build.0 = Debug|x64
		{C3338423-EE86-40B1-9647-8ECF74148556}.Debug|x86.ActiveCfg = Debug|Win32
		{C3338423-EE86-40B1-9647-8ECF74148556}.Debug|x86.Build.0 = Debug|Win32
		{C3338423-EE86-40B1-9647-8ECF74148556}.Release|x64.ActiveCfg = Release|x64
		{C3338423-EE86-40B1-9647-8ECF74148556}.Release|x64.Build.0 = Release|x64
		{C3338423-EE86-40B1-9647-8ECF74148556}.Release|x86.ActiveCfg = Release|Win32
		{C3338423-EE86-40B1-9647-8ECF74148556}.Release|x86.Build.0 = Release|Win32
		{E36F4911-0403-4D52-A44D-D2CF500DCD62}.Debug|x64.ActiveCfg = Debug|x64
		{E36F4911-0403-4D52-A44D-D2CF500DCD62}.Debug|x64.Build.0 = Debug|x64
		{E36F4911-0403-4D52-A44D-D2CF500DCD62}.Debug|x86.ActiveCfg = Debug|Win32
		{E36F4911-0403-4D52-A44D-D2CF500DCD62}.Debug|x86.Build.0 = Debug|Win32
		{E36F4911-0403-4D52-A44D-D2CF500DCD62}.Release|x64.ActiveCfg = Release|x64
		{E36F4911-0403-4D52-A44D-D2CF500DCD62}.Release|x64.Build.0 = Release|x64
		{E36F4911-0403-4D52-A44D-D2CF500DCD62}.Release|x86.ActiveCfg = Release|Win32
		{E36F4911-0403-4D52-A44D-D2CF500DCD62}.Release|x86.Build.0 = Release|Win32
	EndGlobalSection
	GlobalSection(SolutionProperties) = preSolution
		HideSolutionNode = FALSE
	EndGlobalSection
	GlobalSection(ExtensibilityGlobals) = postSolution
		SolutionGuid = {6DFF6018-72A5-4240-A4CC-31C5C6190B73}
	EndGlobalSection
EndGlobal
